
Microsoft Visual Studio Solution File, Format Version 12.00
# Visual Studio Version 17
VisualStudioVersion = 17.10.35027.167
MinimumVisualStudioVersion = 10.0.40219.1
Project("{FAE04EC0-301F-11D3-BF4B-00C04F79EFBC}") = "OTUS_PRO_L13_HW", "OTUS_PRO_L13_HW\OTUS_PRO_L13_HW.csproj", "{6C0961CB-2C03-4A11-9BB5-A5B23815CAA5}"
EndProject
Global
	GlobalSection(SolutionConfigurationPlatforms) = preSolution
		Debug|Any CPU = Debug|Any CPU
		Release|Any CPU = Release|Any CPU
	EndGlobalSection
	GlobalSection(ProjectConfigurationPlatforms) = postSolution
		{6C0961CB-2C03-4A11-9BB5-A5B23815CAA5}.Debug|Any CPU.ActiveCfg = Debug|Any CPU
		{6C0961CB-2C03-4A11-9BB5-A5B23815CAA5}.Debug|Any CPU.Build.0 = Debug|Any CPU
		{6C0961CB-2C03-4A11-9BB5-A5B23815CAA5}.Release|Any CPU.ActiveCfg = Release|Any CPU
		{6C0961CB-2C03-4A11-9BB5-A5B23815CAA5}.Release|Any CPU.Build.0 = Release|Any CPU
	EndGlobalSection
	GlobalSection(SolutionProperties) = preSolution
		HideSolutionNode = FALSE
	EndGlobalSection
	GlobalSection(ExtensibilityGlobals) = postSolution
		SolutionGuid = {23095CAA-7FB1-4477-8A0B-D9523D8770DF}
	EndGlobalSection
EndGlobal
